// !$*UTF8*$!
{
	archiveVersion = 1;
	classes = {
	};
	objectVersion = 50;
	objects = {

/* Begin PBXBuildFile section */
		48BA45132463E58D0053A7FF /* Loan.swift in Sources */ = {isa = PBXBuildFile; fileRef = 48BA45122463E58D0053A7FF /* Loan.swift */; };
		48BFAD4624642B14000ABE19 /* ResuleEmiViewController.swift in Sources */ = {isa = PBXBuildFile; fileRef = 48BFAD4524642B14000ABE19 /* ResuleEmiViewController.swift */; };
		48D716DA2462061B00A4B032 /* AppDelegate.swift in Sources */ = {isa = PBXBuildFile; fileRef = 48D716D92462061B00A4B032 /* AppDelegate.swift */; };
		48D716DC2462061B00A4B032 /* SceneDelegate.swift in Sources */ = {isa = PBXBuildFile; fileRef = 48D716DB2462061B00A4B032 /* SceneDelegate.swift */; };
		48D716DE2462061B00A4B032 /* ViewController.swift in Sources */ = {isa = PBXBuildFile; fileRef = 48D716DD2462061B00A4B032 /* ViewController.swift */; };
		48D716E12462061B00A4B032 /* Main.storyboard in Resources */ = {isa = PBXBuildFile; fileRef = 48D716DF2462061B00A4B032 /* Main.storyboard */; };
		48D716E32462062000A4B032 /* Assets.xcassets in Resources */ = {isa = PBXBuildFile; fileRef = 48D716E22462062000A4B032 /* Assets.xcassets */; };
		48D716E62462062000A4B032 /* LaunchScreen.storyboard in Resources */ = {isa = PBXBuildFile; fileRef = 48D716E42462062000A4B032 /* LaunchScreen.storyboard */; };
/* End PBXBuildFile section */

/* Begin PBXFileReference section */
		48BA45122463E58D0053A7FF /* Loan.swift */ = {isa = PBXFileReference; lastKnownFileType = sourcecode.swift; path = Loan.swift; sourceTree = "<group>"; };
		48BFAD4524642B14000ABE19 /* ResuleEmiViewController.swift */ = {isa = PBXFileReference; lastKnownFileType = sourcecode.swift; path = ResuleEmiViewController.swift; sourceTree = "<group>"; };
		48D716D62462061B00A4B032 /* Module6-Emi Calculator.app */ = {isa = PBXFileReference; explicitFileType = wrapper.application; includeInIndex = 0; path = "Module6-Emi Calculator.app"; sourceTree = BUILT_PRODUCTS_DIR; };
		48D716D92462061B00A4B032 /* AppDelegate.swift */ = {isa = PBXFileReference; lastKnownFileType = sourcecode.swift; path = AppDelegate.swift; sourceTree = "<group>"; };
		48D716DB2462061B00A4B032 /* SceneDelegate.swift */ = {isa = PBXFileReference; lastKnownFileType = sourcecode.swift; path = SceneDelegate.swift; sourceTree = "<group>"; };
		48D716DD2462061B00A4B032 /* ViewController.swift */ = {isa = PBXFileReference; lastKnownFileType = sourcecode.swift; path = ViewController.swift; sourceTree = "<group>"; };
		48D716E02462061B00A4B032 /* Base */ = {isa = PBXFileReference; lastKnownFileType = file.storyboard; name = Base; path = Base.lproj/Main.storyboard; sourceTree = "<group>"; };
		48D716E22462062000A4B032 /* Assets.xcassets */ = {isa = PBXFileReference; lastKnownFileType = folder.assetcatalog; path = Assets.xcassets; sourceTree = "<group>"; };
		48D716E52462062000A4B032 /* Base */ = {isa = PBXFileReference; lastKnownFileType = file.storyboard; name = Base; path = Base.lproj/LaunchScreen.storyboard; sourceTree = "<group>"; };
		48D716E72462062000A4B032 /* Info.plist */ = {isa = PBXFileReference; lastKnownFileType = text.plist.xml; path = Info.plist; sourceTree = "<group>"; };
/* End PBXFileReference section */

/* Begin PBXFrameworksBuildPhase section */
		48D716D32462061B00A4B032 /* Frameworks */ = {
			isa = PBXFrameworksBuildPhase;
			buildActionMask = 2147483647;
			files = (
			);
			runOnlyForDeploymentPostprocessing = 0;
		};
/* End PBXFrameworksBuildPhase section */

/* Begin PBXGroup section */
		48D716CD2462061B00A4B032 = {
			isa = PBXGroup;
			children = (
				48D716D82462061B00A4B032 /* Module6-Emi Calculator */,
				48D716D72462061B00A4B032 /* Products */,
			);
			sourceTree = "<group>";
		};
		48D716D72462061B00A4B032 /* Products */ = {
			isa = PBXGroup;
			children = (
				48D716D62462061B00A4B032 /* Module6-Emi Calculator.app */,
			);
			name = Products;
			sourceTree = "<group>";
		};
		48D716D82462061B00A4B032 /* Module6-Emi Calculator */ = {
			isa = PBXGroup;
			children = (
				48D716EF2462066E00A4B032 /* Controller */,
				48D716EE2462066300A4B032 /* View */,
				48D716ED2462065A00A4B032 /* Model */,
				48D716D92462061B00A4B032 /* AppDelegate.swift */,
				48D716DB2462061B00A4B032 /* SceneDelegate.swift */,
				48D716E22462062000A4B032 /* Assets.xcassets */,
				48D716E42462062000A4B032 /* LaunchScreen.storyboard */,
				48D716E72462062000A4B032 /* Info.plist */,
			);
			path = "Module6-Emi Calculator";
			sourceTree = "<group>";
		};
		48D716ED2462065A00A4B032 /* Model */ = {
			isa = PBXGroup;
			children = (
				48BA45122463E58D0053A7FF /* Loan.swift */,
			);
			path = Model;
			sourceTree = "<group>";
		};
		48D716EE2462066300A4B032 /* View */ = {
			isa = PBXGroup;
			children = (
				48D716DF2462061B00A4B032 /* Main.storyboard */,
			);
			path = View;
			sourceTree = "<group>";
		};
		48D716EF2462066E00A4B032 /* Controller */ = {
			isa = PBXGroup;
			children = (
				48D716DD2462061B00A4B032 /* ViewController.swift */,
				48BFAD4524642B14000ABE19 /* ResuleEmiViewController.swift */,
			);
			path = Controller;
			sourceTree = "<group>";
		};
/* End PBXGroup section */

/* Begin PBXNativeTarget section */
		48D716D52462061B00A4B032 /* Module6-Emi Calculator */ = {
			isa = PBXNativeTarget;
			buildConfigurationList = 48D716EA2462062000A4B032 /* Build configuration list for PBXNativeTarget "Module6-Emi Calculator" */;
			buildPhases = (
				48D716D22462061B00A4B032 /* Sources */,
				48D716D32462061B00A4B032 /* Frameworks */,
				48D716D42462061B00A4B032 /* Resources */,
			);
			buildRules = (
			);
			dependencies = (
			);
			name = "Module6-Emi Calculator";
			productName = "Module6-Emi Calculator";
			productReference = 48D716D62462061B00A4B032 /* Module6-Emi Calculator.app */;
			productType = "com.apple.product-type.application";
		};
/* End PBXNativeTarget section */

/* Begin PBXProject section */
		48D716CE2462061B00A4B032 /* Project object */ = {
			isa = PBXProject;
			attributes = {
				LastSwiftUpdateCheck = 1140;
				LastUpgradeCheck = 1140;
				ORGANIZATIONNAME = com.phomotecg;
				TargetAttributes = {
					48D716D52462061B00A4B032 = {
						CreatedOnToolsVersion = 11.4.1;
					};
				};
			};
			buildConfigurationList = 48D716D12462061B00A4B032 /* Build configuration list for PBXProject "Module6-Emi Calculator" */;
			compatibilityVersion = "Xcode 9.3";
			developmentRegion = en;
			hasScannedForEncodings = 0;
			knownRegions = (
				en,
				Base,
			);
			mainGroup = 48D716CD2462061B00A4B032;
			productRefGroup = 48D716D72462061B00A4B032 /* Products */;
			projectDirPath = "";
			projectRoot = "";
			targets = (
				48D716D52462061B00A4B032 /* Module6-Emi Calculator */,
			);
		};
/* End PBXProject section */

/* Begin PBXResourcesBuildPhase section */
		48D716D42462061B00A4B032 /* Resources */ = {
			isa = PBXResourcesBuildPhase;
			buildActionMask = 2147483647;
			files = (
				48D716E62462062000A4B032 /* LaunchScreen.storyboard in Resources */,
				48D716E32462062000A4B032 /* Assets.xcassets in Resources */,
				48D716E12462061B00A4B032 /* Main.storyboard in Resources */,
			);
			runOnlyForDeploymentPostprocessing = 0;
		};
/* End PBXResourcesBuildPhase section */

/* Begin PBXSourcesBuildPhase section */
		48D716D22462061B00A4B032 /* Sources */ = {
			isa = PBXSourcesBuildPhase;
			buildActionMask = 2147483647;
			files = (
				48D716DE2462061B00A4B032 /* ViewController.swift in Sources */,
				48BFAD4624642B14000ABE19 /* ResuleEmiViewController.swift in Sources */,
				48D716DA2462061B00A4B032 /* AppDelegate.swift in Sources */,
				48D716DC2462061B00A4B032 /* SceneDelegate.swift in Sources */,
				48BA45132463E58D0053A7FF /* Loan.swift in Sources */,
			);
			runOnlyForDeploymentPostprocessing = 0;
		};
/* End PBXSourcesBuildPhase section */

/* Begin PBXVariantGroup section */
		48D716DF2462061B00A4B032 /* Main.storyboard */ = {
			isa = PBXVariantGroup;
			children = (
				48D716E02462061B00A4B032 /* Base */,
			);
			name = Main.storyboard;
			sourceTree = "<group>";
		};
		48D716E42462062000A4B032 /* LaunchScreen.storyboard */ = {
			isa = PBXVariantGroup;
			children = (
				48D716E52462062000A4B032 /* Base */,
			);
			name = LaunchScreen.storyboard;
			sourceTree = "<group>";
		};
/* End PBXVariantGroup section */

/* Begin XCBuildConfiguration section */
		48D716E82462062000A4B032 /* Debug */ = {
			isa = XCBuildConfiguration;
			buildSettings = {
				ALWAYS_SEARCH_USER_PATHS = NO;
				CLANG_ANALYZER_NONNULL = YES;
				CLANG_ANALYZER_NUMBER_OBJECT_CONVERSION = YES_AGGRESSIVE;
				CLANG_CXX_LANGUAGE_STANDARD = "gnu++14";
				CLANG_CXX_LIBRARY = "libc++";
				CLANG_ENABLE_MODULES = YES;
				CLANG_ENABLE_OBJC_ARC = YES;
				CLANG_ENABLE_OBJC_WEAK = YES;
				CLANG_WARN_BLOCK_CAPTURE_AUTORELEASING = YES;
				CLANG_WARN_BOOL_CONVERSION = YES;
				CLANG_WARN_COMMA = YES;
				CLANG_WARN_CONSTANT_CONVERSION = YES;
				CLANG_WARN_DEPRECATED_OBJC_IMPLEMENTATIONS = YES;
				CLANG_WARN_DIRECT_OBJC_ISA_USAGE = YES_ERROR;
				CLANG_WARN_DOCUMENTATION_COMMENTS = YES;
				CLANG_WARN_EMPTY_BODY = YES;
				CLANG_WARN_ENUM_CONVERSION = YES;
				CLANG_WARN_INFINITE_RECURSION = YES;
				CLANG_WARN_INT_CONVERSION = YES;
				CLANG_WARN_NON_LITERAL_NULL_CONVERSION = YES;
				CLANG_WARN_OBJC_IMPLICIT_RETAIN_SELF = YES;
				CLANG_WARN_OBJC_LITERAL_CONVERSION = YES;
				CLANG_WARN_OBJC_ROOT_CLASS = YES_ERROR;
				CLANG_WARN_RANGE_LOOP_ANALYSIS = YES;
				CLANG_WARN_STRICT_PROTOTYPES = YES;
				CLANG_WARN_SUSPICIOUS_MOVE = YES;
				CLANG_WARN_UNGUARDED_AVAILABILITY = YES_AGGRESSIVE;
				CLANG_WARN_UNREACHABLE_CODE = YES;
				CLANG_WARN__DUPLICATE_METHOD_MATCH = YES;
				COPY_PHASE_STRIP = NO;
				DEBUG_INFORMATION_FORMAT = dwarf;
				ENABLE_STRICT_OBJC_MSGSEND = YES;
				ENABLE_TESTABILITY = YES;
				GCC_C_LANGUAGE_STANDARD = gnu11;
				GCC_DYNAMIC_NO_PIC = NO;
				GCC_NO_COMMON_BLOCKS = YES;
				GCC_OPTIMIZATION_LEVEL = 0;
				GCC_PREPROCESSOR_DEFINITIONS = (
					"DEBUG=1",
					"$(inherited)",
				);
				GCC_WARN_64_TO_32_BIT_CONVERSION = YES;
				GCC_WARN_ABOUT_RETURN_TYPE = YES_ERROR;
				GCC_WARN_UNDECLARED_SELECTOR = YES;
				GCC_WARN_UNINITIALIZED_AUTOS = YES_AGGRESSIVE;
				GCC_WARN_UNUSED_FUNCTION = YES;
				GCC_WARN_UNUSED_VARIABLE = YES;
				IPHONEOS_DEPLOYMENT_TARGET = 13.4;
				MTL_ENABLE_DEBUG_INFO = INCLUDE_SOURCE;
				MTL_FAST_MATH = YES;
				ONLY_ACTIVE_ARCH = YES;
				SDKROOT = iphoneos;
				SWIFT_ACTIVE_COMPILATION_CONDITIONS = DEBUG;
				SWIFT_OPTIMIZATION_LEVEL = "-Onone";
			};
			name = Debug;
		};
		48D716E92462062000A4B032 /* Release */ = {
			isa = XCBuildConfiguration;
			buildSettings = {
				ALWAYS_SEARCH_USER_PATHS = NO;
				CLANG_ANALYZER_NONNULL = YES;
				CLANG_ANALYZER_NUMBER_OBJECT_CONVERSION = YES_AGGRESSIVE;
				CLANG_CXX_LANGUAGE_STANDARD = "gnu++14";
				CLANG_CXX_LIBRARY = "libc++";
				CLANG_ENABLE_MODULES = YES;
				CLANG_ENABLE_OBJC_ARC = YES;
				CLANG_ENABLE_OBJC_WEAK = YES;
				CLANG_WARN_BLOCK_CAPTURE_AUTORELEASING = YES;
				CLANG_WARN_BOOL_CONVERSION = YES;
				CLANG_WARN_COMMA = YES;
				CLANG_WARN_CONSTANT_CONVERSION = YES;
				CLANG_WARN_DEPRECATED_OBJC_IMPLEMENTATIONS = YES;
				CLANG_WARN_DIRECT_OBJC_ISA_USAGE = YES_ERROR;
				CLANG_WARN_DOCUMENTATION_COMMENTS = YES;
				CLANG_WARN_EMPTY_BODY = YES;
				CLANG_WARN_ENUM_CONVERSION = YES;
				CLANG_WARN_INFINITE_RECURSION = YES;
				CLANG_WARN_INT_CONVERSION = YES;
				CLANG_WARN_NON_LITERAL_NULL_CONVERSION = YES;
				CLANG_WARN_OBJC_IMPLICIT_RETAIN_SELF = YES;
				CLANG_WARN_OBJC_LITERAL_CONVERSION = YES;
				CLANG_WARN_OBJC_ROOT_CLASS = YES_ERROR;
				CLANG_WARN_RANGE_LOOP_ANALYSIS = YES;
				CLANG_WARN_STRICT_PROTOTYPES = YES;
				CLANG_WARN_SUSPICIOUS_MOVE = YES;
				CLANG_WARN_UNGUARDED_AVAILABILITY = YES_AGGRESSIVE;
				CLANG_WARN_UNREACHABLE_CODE = YES;
				CLANG_WARN__DUPLICATE_METHOD_MATCH = YES;
				COPY_PHASE_STRIP = NO;
				DEBUG_INFORMATION_FORMAT = "dwarf-with-dsym";
				ENABLE_NS_ASSERTIONS = NO;
				ENABLE_STRICT_OBJC_MSGSEND = YES;
				GCC_C_LANGUAGE_STANDARD = gnu11;
				GCC_NO_COMMON_BLOCKS = YES;
				GCC_WARN_64_TO_32_BIT_CONVERSION = YES;
				GCC_WARN_ABOUT_RETURN_TYPE = YES_ERROR;
				GCC_WARN_UNDECLARED_SELECTOR = YES;
				GCC_WARN_UNINITIALIZED_AUTOS = YES_AGGRESSIVE;
				GCC_WARN_UNUSED_FUNCTION = YES;
				GCC_WARN_UNUSED_VARIABLE = YES;
				IPHONEOS_DEPLOYMENT_TARGET = 13.4;
				MTL_ENABLE_DEBUG_INFO = NO;
				MTL_FAST_MATH = YES;
				SDKROOT = iphoneos;
				SWIFT_COMPILATION_MODE = wholemodule;
				SWIFT_OPTIMIZATION_LEVEL = "-O";
				VALIDATE_PRODUCT = YES;
			};
			name = Release;
		};
		48D716EB2462062000A4B032 /* Debug */ = {
			isa = XCBuildConfiguration;
			buildSettings = {
				ASSETCATALOG_COMPILER_APPICON_NAME = AppIcon;
				CODE_SIGN_STYLE = Automatic;
				INFOPLIST_FILE = "Module6-Emi Calculator/Info.plist";
				LD_RUNPATH_SEARCH_PATHS = (
					"$(inherited)",
					"@executable_path/Frameworks",
				);
				PRODUCT_BUNDLE_IDENTIFIER = "com.iosbook.Module6-Emi-Calculator";
				PRODUCT_NAME = "$(TARGET_NAME)";
				SWIFT_VERSION = 5.0;
				TARGETED_DEVICE_FAMILY = "1,2";
			};
			name = Debug;
		};
		48D716EC2462062000A4B032 /* Release */ = {
			isa = XCBuildConfiguration;
			buildSettings = {
				ASSETCATALOG_COMPILER_APPICON_NAME = AppIcon;
				CODE_SIGN_STYLE = Automatic;
				INFOPLIST_FILE = "Module6-Emi Calculator/Info.plist";
				LD_RUNPATH_SEARCH_PATHS = (
					"$(inherited)",
					"@executable_path/Frameworks",
				);
				PRODUCT_BUNDLE_IDENTIFIER = "com.iosbook.Module6-Emi-Calculator";
				PRODUCT_NAME = "$(TARGET_NAME)";
				SWIFT_VERSION = 5.0;
				TARGETED_DEVICE_FAMILY = "1,2";
			};
			name = Release;
		};
/* End XCBuildConfiguration section */

/* Begin XCConfigurationList section */
		48D716D12462061B00A4B032 /* Build configuration list for PBXProject "Module6-Emi Calculator" */ = {
			isa = XCConfigurationList;
			buildConfigurations = (
				48D716E82462062000A4B032 /* Debug */,
				48D716E92462062000A4B032 /* Release */,
			);
			defaultConfigurationIsVisible = 0;
			defaultConfigurationName = Release;
		};
		48D716EA2462062000A4B032 /* Build configuration list for PBXNativeTarget "Module6-Emi Calculator" */ = {
			isa = XCConfigurationList;
			buildConfigurations = (
				48D716EB2462062000A4B032 /* Debug */,
				48D716EC2462062000A4B032 /* Release */,
			);
			defaultConfigurationIsVisible = 0;
			defaultConfigurationName = Release;
		};
/* End XCConfigurationList section */
	};
	rootObject = 48D716CE2462061B00A4B032 /* Project object */;
}
